
Microsoft Visual Studio Solution File, Format Version 12.00
# Visual Studio Version 16
VisualStudioVersion = 16.0.33328.57
MinimumVisualStudioVersion = 10.0.40219.1
Project("{FAE04EC0-301F-11D3-BF4B-00C04F79EFBC}") = "Programa Registro de clientes Game Sivar", "Programa Registro de clientes Game Sivar\Programa Registro de clientes Game Sivar.csproj", "{7911DE5E-8977-4C73-AB5F-00DFCF78B4F4}"
EndProject
Project("{FAE04EC0-301F-11D3-BF4B-00C04F79EFBC}") = "Conexion_MySQL", "Conexion_MySQL\Conexion_MySQL.csproj", "{0F9986BA-1E51-4B0B-A677-F8F6679D39F0}"
EndProject
Global
	GlobalSection(SolutionConfigurationPlatforms) = preSolution
		Debug|Any CPU = Debug|Any CPU
		Release|Any CPU = Release|Any CPU
	EndGlobalSection
	GlobalSection(ProjectConfigurationPlatforms) = postSolution
		{7911DE5E-8977-4C73-AB5F-00DFCF78B4F4}.Debug|Any CPU.ActiveCfg = Debug|Any CPU
		{7911DE5E-8977-4C73-AB5F-00DFCF78B4F4}.Debug|Any CPU.Build.0 = Debug|Any CPU
		{7911DE5E-8977-4C73-AB5F-00DFCF78B4F4}.Release|Any CPU.ActiveCfg = Release|Any CPU
		{7911DE5E-8977-4C73-AB5F-00DFCF78B4F4}.Release|Any CPU.Build.0 = Release|Any CPU
		{0F9986BA-1E51-4B0B-A677-F8F6679D39F0}.Debug|Any CPU.ActiveCfg = Debug|Any CPU
		{0F9986BA-1E51-4B0B-A677-F8F6679D39F0}.Debug|Any CPU.Build.0 = Debug|Any CPU
		{0F9986BA-1E51-4B0B-A677-F8F6679D39F0}.Release|Any CPU.ActiveCfg = Release|Any CPU
		{0F9986BA-1E51-4B0B-A677-F8F6679D39F0}.Release|Any CPU.Build.0 = Release|Any CPU
	EndGlobalSection
	GlobalSection(SolutionProperties) = preSolution
		HideSolutionNode = FALSE
	EndGlobalSection
	GlobalSection(ExtensibilityGlobals) = postSolution
		SolutionGuid = {1EB6E323-FCA6-4939-8181-1F231168F53E}
	EndGlobalSection
EndGlobal
